
Microsoft Visual Studio Solution File, Format Version 12.00
# Visual Studio Version 17
VisualStudioVersion = 17.14.36327.8
MinimumVisualStudioVersion = 10.0.40219.1
Project("{FAE04EC0-301F-11D3-BF4B-00C04F79EFBC}") = "UserManagement.Web", "UserManagement.Web\UserManagement.Web.csproj", "{CABCDAF4-B661-4F13-BD94-19A9E5D7E42F}"
EndProject
Project("{FAE04EC0-301F-11D3-BF4B-00C04F79EFBC}") = "UserManagement.Data", "UserManagement.Data\UserManagement.Data.csproj", "{C6001491-791C-48D3-8432-1520187E0982}"
EndProject
Global
	GlobalSection(SolutionConfigurationPlatforms) = preSolution
		Debug|Any CPU = Debug|Any CPU
		Release|Any CPU = Release|Any CPU
	EndGlobalSection
	GlobalSection(ProjectConfigurationPlatforms) = postSolution
		{CABCDAF4-B661-4F13-BD94-19A9E5D7E42F}.Debug|Any CPU.ActiveCfg = Debug|Any CPU
		{CABCDAF4-B661-4F13-BD94-19A9E5D7E42F}.Debug|Any CPU.Build.0 = Debug|Any CPU
		{CABCDAF4-B661-4F13-BD94-19A9E5D7E42F}.Release|Any CPU.ActiveCfg = Release|Any CPU
		{CABCDAF4-B661-4F13-BD94-19A9E5D7E42F}.Release|Any CPU.Build.0 = Release|Any CPU
		{C6001491-791C-48D3-8432-1520187E0982}.Debug|Any CPU.ActiveCfg = Debug|Any CPU
		{C6001491-791C-48D3-8432-1520187E0982}.Debug|Any CPU.Build.0 = Debug|Any CPU
		{C6001491-791C-48D3-8432-1520187E0982}.Release|Any CPU.ActiveCfg = Release|Any CPU
		{C6001491-791C-48D3-8432-1520187E0982}.Release|Any CPU.Build.0 = Release|Any CPU
	EndGlobalSection
	GlobalSection(SolutionProperties) = preSolution
		HideSolutionNode = FALSE
	EndGlobalSection
	GlobalSection(ExtensibilityGlobals) = postSolution
		SolutionGuid = {DAD8BC0E-E6BA-4039-B421-403682769E9B}
	EndGlobalSection
EndGlobal
